
Microsoft Visual Studio Solution File, Format Version 12.00
# Visual Studio Version 16
VisualStudioVersion = 16.0.31702.278
MinimumVisualStudioVersion = 10.0.40219.1
Project("{FAE04EC0-301F-11D3-BF4B-00C04F79EFBC}") = "Collections", "Collections\Collections.csproj", "{880E652A-C05E-4F1D-83BF-AB731C82A313}"
EndProject
Global
	GlobalSection(SolutionConfigurationPlatforms) = preSolution
		Debug|Any CPU = Debug|Any CPU
		Release|Any CPU = Release|Any CPU
	EndGlobalSection
	GlobalSection(ProjectConfigurationPlatforms) = postSolution
		{880E652A-C05E-4F1D-83BF-AB731C82A313}.Debug|Any CPU.ActiveCfg = Debug|Any CPU
		{880E652A-C05E-4F1D-83BF-AB731C82A313}.Debug|Any CPU.Build.0 = Debug|Any CPU
		{880E652A-C05E-4F1D-83BF-AB731C82A313}.Release|Any CPU.ActiveCfg = Release|Any CPU
		{880E652A-C05E-4F1D-83BF-AB731C82A313}.Release|Any CPU.Build.0 = Release|Any CPU
	EndGlobalSection
	GlobalSection(SolutionProperties) = preSolution
		HideSolutionNode = FALSE
	EndGlobalSection
	GlobalSection(ExtensibilityGlobals) = postSolution
		SolutionGuid = {40A1B86C-45B4-4CA8-8126-FBC35302A55D}
	EndGlobalSection
EndGlobal
